{
  "requires": true,
  "lockfileVersion": 1,
  "dependencies": {
    "bootstrap": {
      "version": "4.5.0",
      "resolved": "https://registry.npm.taobao.org/bootstrap/download/bootstrap-4.5.0.tgz",
      "integrity": "sha1-l9nby1qJcvhyLJliSDVDuQfZuew="
    },
    "jquery": {
      "version": "3.5.1",
      "resolved": "https://registry.npm.taobao.org/jquery/download/jquery-3.5.1.tgz",
      "integrity": "sha1-17TQjhv9uGrS8aPQOeoXMEcXq7U="
    }
  }
}
